
Microsoft Visual Studio Solution File, Format Version 12.00
# Visual Studio Version 17
VisualStudioVersion = 17.14.36301.6 d17.14
MinimumVisualStudioVersion = 10.0.40219.1
Project("{FAE04EC0-301F-11D3-BF4B-00C04F79EFBC}") = "Prog2FinalTallerBicicletasTickets", "Prog2FinalTallerBicicletasTickets\Prog2FinalTallerBicicletasTickets.csproj", "{6310570A-8701-4A42-8115-940271D40025}"
EndProject
Global
	GlobalSection(SolutionConfigurationPlatforms) = preSolution
		Debug|Any CPU = Debug|Any CPU
		Release|Any CPU = Release|Any CPU
	EndGlobalSection
	GlobalSection(ProjectConfigurationPlatforms) = postSolution
		{6310570A-8701-4A42-8115-940271D40025}.Debug|Any CPU.ActiveCfg = Debug|Any CPU
		{6310570A-8701-4A42-8115-940271D40025}.Debug|Any CPU.Build.0 = Debug|Any CPU
		{6310570A-8701-4A42-8115-940271D40025}.Release|Any CPU.ActiveCfg = Release|Any CPU
		{6310570A-8701-4A42-8115-940271D40025}.Release|Any CPU.Build.0 = Release|Any CPU
	EndGlobalSection
	GlobalSection(SolutionProperties) = preSolution
		HideSolutionNode = FALSE
	EndGlobalSection
	GlobalSection(ExtensibilityGlobals) = postSolution
		SolutionGuid = {44938CDA-CF6F-4D18-8016-7CC2AA5F4148}
	EndGlobalSection
EndGlobal
